// !$*UTF8*$!
{
	archiveVersion = 1;
	classes = {
	};
	objectVersion = 47;
	objects = {

/* Begin PBXBuildFile section */
		529D59E5267C1B30004E8E68 /* VIButton.m in Sources */ = {isa = PBXBuildFile; fileRef = 529D59E4267C1B30004E8E68 /* VIButton.m */; };
		529D59E9267C1BF5004E8E68 /* Localizable.strings in Resources */ = {isa = PBXBuildFile; fileRef = 529D59EB267C1BF5004E8E68 /* Localizable.strings */; };
		52CF6066267E731A0089D6D1 /* P2PreRememberView.m in Sources */ = {isa = PBXBuildFile; fileRef = 52CF6063267E731A0089D6D1 /* P2PreRememberView.m */; };
		52CF6067267E731A0089D6D1 /* P2PreRememberView.xib in Resources */ = {isa = PBXBuildFile; fileRef = 52CF6064267E731A0089D6D1 /* P2PreRememberView.xib */; };
		52CF606A267E76250089D6D1 /* P2PreThanksView.m in Sources */ = {isa = PBXBuildFile; fileRef = 52CF6069267E76250089D6D1 /* P2PreThanksView.m */; };
		52CF606C267E76CB0089D6D1 /* P2PreThanksView.xib in Resources */ = {isa = PBXBuildFile; fileRef = 52CF606B267E76CB0089D6D1 /* P2PreThanksView.xib */; };
		765C7DF2266C57DE00521A65 /* P2PostMainController.m in Sources */ = {isa = PBXBuildFile; fileRef = 765C7DF1266C57DE00521A65 /* P2PostMainController.m */; };
		765C7DF5266C580400521A65 /* P2PostMainController.xib in Resources */ = {isa = PBXBuildFile; fileRef = 765C7DF4266C580400521A65 /* P2PostMainController.xib */; };
		76A007DA26630CDF009ED115 /* AppDelegate.m in Sources */ = {isa = PBXBuildFile; fileRef = 76A007D926630CDF009ED115 /* AppDelegate.m */; };
		76A007DC26630CE2009ED115 /* Assets.xcassets in Resources */ = {isa = PBXBuildFile; fileRef = 76A007DB26630CE2009ED115 /* Assets.xcassets */; };
		76A007DF26630CE2009ED115 /* MainMenu.xib in Resources */ = {isa = PBXBuildFile; fileRef = 76A007DD26630CE2009ED115 /* MainMenu.xib */; };
		76A007E226630CE2009ED115 /* main.m in Sources */ = {isa = PBXBuildFile; fileRef = 76A007E126630CE2009ED115 /* main.m */; };
		76A007EB26630EE2009ED115 /* P2App.m in Sources */ = {isa = PBXBuildFile; fileRef = 76A007EA26630EE2009ED115 /* P2App.m */; };
		76A007EE26632007009ED115 /* P2PreMainController.m in Sources */ = {isa = PBXBuildFile; fileRef = 76A007ED26632007009ED115 /* P2PreMainController.m */; };
		76A007F026632053009ED115 /* P2PreMainController.xib in Resources */ = {isa = PBXBuildFile; fileRef = 76A007EF26632053009ED115 /* P2PreMainController.xib */; };
/* End PBXBuildFile section */

/* Begin PBXCopyFilesBuildPhase section */
		765C7E00266C644C00521A65 /* Embed Frameworks */ = {
			isa = PBXCopyFilesBuildPhase;
			buildActionMask = 2147483647;
			dstPath = "";
			dstSubfolderSpec = 10;
			files = (
			);
			name = "Embed Frameworks";
			runOnlyForDeploymentPostprocessing = 0;
		};
/* End PBXCopyFilesBuildPhase section */

/* Begin PBXFileReference section */
		529D59E3267C1AD7004E8E68 /* VIButton.h */ = {isa = PBXFileReference; lastKnownFileType = sourcecode.c.h; path = VIButton.h; sourceTree = "<group>"; };
		529D59E4267C1B30004E8E68 /* VIButton.m */ = {isa = PBXFileReference; lastKnownFileType = sourcecode.c.objc; path = VIButton.m; sourceTree = "<group>"; };
		529D59EA267C1BF5004E8E68 /* en */ = {isa = PBXFileReference; lastKnownFileType = text.plist.strings; name = en; path = en.lproj/Localizable.strings; sourceTree = "<group>"; };
		52CF6063267E731A0089D6D1 /* P2PreRememberView.m */ = {isa = PBXFileReference; fileEncoding = 4; lastKnownFileType = sourcecode.c.objc; name = P2PreRememberView.m; path = "../../../../../../../Macintosh SSD/Users/bensova/Developer/Patched 12/Patched 12/PreViews/P2PreRememberView.m"; sourceTree = "<group>"; };
		52CF6064267E731A0089D6D1 /* P2PreRememberView.xib */ = {isa = PBXFileReference; fileEncoding = 4; lastKnownFileType = file.xib; name = P2PreRememberView.xib; path = "../../../../../../../Macintosh SSD/Users/bensova/Developer/Patched 12/Patched 12/PreViews/P2PreRememberView.xib"; sourceTree = "<group>"; };
		52CF6065267E731A0089D6D1 /* P2PreRememberView.h */ = {isa = PBXFileReference; fileEncoding = 4; lastKnownFileType = sourcecode.c.h; name = P2PreRememberView.h; path = "../../../../../../../Macintosh SSD/Users/bensova/Developer/Patched 12/Patched 12/PreViews/P2PreRememberView.h"; sourceTree = "<group>"; };
		52CF6068267E76130089D6D1 /* P2PreThanksView.h */ = {isa = PBXFileReference; lastKnownFileType = sourcecode.c.h; path = P2PreThanksView.h; sourceTree = "<group>"; };
		52CF6069267E76250089D6D1 /* P2PreThanksView.m */ = {isa = PBXFileReference; lastKnownFileType = sourcecode.c.objc; path = P2PreThanksView.m; sourceTree = "<group>"; };
		52CF606B267E76CB0089D6D1 /* P2PreThanksView.xib */ = {isa = PBXFileReference; fileEncoding = 4; lastKnownFileType = file.xib; name = P2PreThanksView.xib; path = "../../../../../../../Macintosh SSD/Users/bensova/Developer/Patched 12/Patched 12/PreViews/P2PreThanksView.xib"; sourceTree = "<group>"; };
		765C7DF1266C57DE00521A65 /* P2PostMainController.m */ = {isa = PBXFileReference; lastKnownFileType = sourcecode.c.objc; path = P2PostMainController.m; sourceTree = "<group>"; };
		765C7DF3266C57F100521A65 /* P2PostMainController.h */ = {isa = PBXFileReference; lastKnownFileType = sourcecode.c.h; path = P2PostMainController.h; sourceTree = "<group>"; };
		765C7DF4266C580400521A65 /* P2PostMainController.xib */ = {isa = PBXFileReference; lastKnownFileType = file.xib; path = P2PostMainController.xib; sourceTree = "<group>"; };
		76A007D526630CDF009ED115 /* Patched Monterey.app */ = {isa = PBXFileReference; explicitFileType = wrapper.application; includeInIndex = 0; path = "Patched Monterey.app"; sourceTree = BUILT_PRODUCTS_DIR; };
		76A007D826630CDF009ED115 /* AppDelegate.h */ = {isa = PBXFileReference; lastKnownFileType = sourcecode.c.h; path = AppDelegate.h; sourceTree = "<group>"; };
		76A007D926630CDF009ED115 /* AppDelegate.m */ = {isa = PBXFileReference; lastKnownFileType = sourcecode.c.objc; path = AppDelegate.m; sourceTree = "<group>"; };
		76A007DB26630CE2009ED115 /* Assets.xcassets */ = {isa = PBXFileReference; lastKnownFileType = folder.assetcatalog; path = Assets.xcassets; sourceTree = "<group>"; };
		76A007DE26630CE2009ED115 /* Base */ = {isa = PBXFileReference; lastKnownFileType = file.xib; name = Base; path = Base.lproj/MainMenu.xib; sourceTree = "<group>"; };
		76A007E026630CE2009ED115 /* Info.plist */ = {isa = PBXFileReference; lastKnownFileType = text.plist.xml; path = Info.plist; sourceTree = "<group>"; };
		76A007E126630CE2009ED115 /* main.m */ = {isa = PBXFileReference; lastKnownFileType = sourcecode.c.objc; path = main.m; sourceTree = "<group>"; };
		76A007E326630CE2009ED115 /* Patched_12.entitlements */ = {isa = PBXFileReference; lastKnownFileType = text.plist.entitlements; path = Patched_12.entitlements; sourceTree = "<group>"; };
		76A007E926630ED6009ED115 /* P2App.h */ = {isa = PBXFileReference; lastKnownFileType = sourcecode.c.h; path = P2App.h; sourceTree = "<group>"; };
		76A007EA26630EE2009ED115 /* P2App.m */ = {isa = PBXFileReference; lastKnownFileType = sourcecode.c.objc; path = P2App.m; sourceTree = "<group>"; };
		76A007EC26631977009ED115 /* P2PreMainController.h */ = {isa = PBXFileReference; lastKnownFileType = sourcecode.c.h; path = P2PreMainController.h; sourceTree = "<group>"; };
		76A007ED26632007009ED115 /* P2PreMainController.m */ = {isa = PBXFileReference; lastKnownFileType = sourcecode.c.objc; path = P2PreMainController.m; sourceTree = "<group>"; };
		76A007EF26632053009ED115 /* P2PreMainController.xib */ = {isa = PBXFileReference; lastKnownFileType = file.xib; path = P2PreMainController.xib; sourceTree = "<group>"; };
/* End PBXFileReference section */

/* Begin PBXFrameworksBuildPhase section */
		76A007D226630CDF009ED115 /* Frameworks */ = {
			isa = PBXFrameworksBuildPhase;
			buildActionMask = 2147483647;
			files = (
			);
			runOnlyForDeploymentPostprocessing = 0;
		};
/* End PBXFrameworksBuildPhase section */

/* Begin PBXGroup section */
		529D59E2267C1A9B004E8E68 /* ModuleViews */ = {
			isa = PBXGroup;
			children = (
				529D59E3267C1AD7004E8E68 /* VIButton.h */,
				529D59E4267C1B30004E8E68 /* VIButton.m */,
			);
			path = ModuleViews;
			sourceTree = "<group>";
		};
		529D59E6267C1BD9004E8E68 /* Localization */ = {
			isa = PBXGroup;
			children = (
				529D59EB267C1BF5004E8E68 /* Localizable.strings */,
			);
			path = Localization;
			sourceTree = "<group>";
		};
		765C7DEE266C575100521A65 /* PreViews */ = {
			isa = PBXGroup;
			children = (
				76A007EC26631977009ED115 /* P2PreMainController.h */,
				76A007ED26632007009ED115 /* P2PreMainController.m */,
				76A007EF26632053009ED115 /* P2PreMainController.xib */,
				52CF6065267E731A0089D6D1 /* P2PreRememberView.h */,
				52CF6063267E731A0089D6D1 /* P2PreRememberView.m */,
				52CF6064267E731A0089D6D1 /* P2PreRememberView.xib */,
				52CF6068267E76130089D6D1 /* P2PreThanksView.h */,
				52CF6069267E76250089D6D1 /* P2PreThanksView.m */,
				52CF606B267E76CB0089D6D1 /* P2PreThanksView.xib */,
			);
			path = PreViews;
			sourceTree = "<group>";
		};
		765C7DEF266C576200521A65 /* CoreCode */ = {
			isa = PBXGroup;
			children = (
				76A007E926630ED6009ED115 /* P2App.h */,
				76A007EA26630EE2009ED115 /* P2App.m */,
				76A007D826630CDF009ED115 /* AppDelegate.h */,
				76A007D926630CDF009ED115 /* AppDelegate.m */,
				76A007E126630CE2009ED115 /* main.m */,
				76A007DD26630CE2009ED115 /* MainMenu.xib */,
			);
			path = CoreCode;
			sourceTree = "<group>";
		};
		765C7DF0266C57AA00521A65 /* PostViews */ = {
			isa = PBXGroup;
			children = (
				765C7DF3266C57F100521A65 /* P2PostMainController.h */,
				765C7DF1266C57DE00521A65 /* P2PostMainController.m */,
				765C7DF4266C580400521A65 /* P2PostMainController.xib */,
			);
			path = PostViews;
			sourceTree = "<group>";
		};
		765C7DFB266C63D200521A65 /* Resources */ = {
			isa = PBXGroup;
			children = (
			);
			path = Resources;
			sourceTree = "<group>";
		};
		765C7DFD266C644B00521A65 /* Frameworks */ = {
			isa = PBXGroup;
			children = (
			);
			name = Frameworks;
			sourceTree = "<group>";
		};
		76A007CC26630CDF009ED115 = {
			isa = PBXGroup;
			children = (
				76A007D726630CDF009ED115 /* Patched 12 */,
				76A007D626630CDF009ED115 /* Products */,
				765C7DFD266C644B00521A65 /* Frameworks */,
			);
			sourceTree = "<group>";
		};
		76A007D626630CDF009ED115 /* Products */ = {
			isa = PBXGroup;
			children = (
				76A007D526630CDF009ED115 /* Patched Monterey.app */,
			);
			name = Products;
			sourceTree = "<group>";
		};
		76A007D726630CDF009ED115 /* Patched 12 */ = {
			isa = PBXGroup;
			children = (
				529D59E6267C1BD9004E8E68 /* Localization */,
				765C7DEF266C576200521A65 /* CoreCode */,
				765C7DFB266C63D200521A65 /* Resources */,
				529D59E2267C1A9B004E8E68 /* ModuleViews */,
				765C7DEE266C575100521A65 /* PreViews */,
				765C7DF0266C57AA00521A65 /* PostViews */,
				76A007DB26630CE2009ED115 /* Assets.xcassets */,
				76A007E026630CE2009ED115 /* Info.plist */,
				76A007E326630CE2009ED115 /* Patched_12.entitlements */,
			);
			path = "Patched 12";
			sourceTree = "<group>";
		};
/* End PBXGroup section */

/* Begin PBXNativeTarget section */
		76A007D426630CDF009ED115 /* Patched Monterey */ = {
			isa = PBXNativeTarget;
			buildConfigurationList = 76A007E626630CE2009ED115 /* Build configuration list for PBXNativeTarget "Patched Monterey" */;
			buildPhases = (
				76A007D126630CDF009ED115 /* Sources */,
				76A007D226630CDF009ED115 /* Frameworks */,
				76A007D326630CDF009ED115 /* Resources */,
				765C7E00266C644C00521A65 /* Embed Frameworks */,
			);
			buildRules = (
			);
			dependencies = (
			);
			name = "Patched Monterey";
			productName = "Patched 12";
			productReference = 76A007D526630CDF009ED115 /* Patched Monterey.app */;
			productType = "com.apple.product-type.application";
		};
/* End PBXNativeTarget section */

/* Begin PBXProject section */
		76A007CD26630CDF009ED115 /* Project object */ = {
			isa = PBXProject;
			attributes = {
				LastUpgradeCheck = 1250;
				TargetAttributes = {
					76A007D426630CDF009ED115 = {
						CreatedOnToolsVersion = 12.5;
						DevelopmentTeam = 52RY4VB4F6;
						ProvisioningStyle = Automatic;
					};
				};
			};
			buildConfigurationList = 76A007D026630CDF009ED115 /* Build configuration list for PBXProject "Patched Monterey" */;
			compatibilityVersion = "Xcode 6.3";
			developmentRegion = en;
			hasScannedForEncodings = 0;
			knownRegions = (
				en,
				Base,
			);
			mainGroup = 76A007CC26630CDF009ED115;
			productRefGroup = 76A007D626630CDF009ED115 /* Products */;
			projectDirPath = "";
			projectRoot = "";
			targets = (
				76A007D426630CDF009ED115 /* Patched Monterey */,
			);
		};
/* End PBXProject section */

/* Begin PBXResourcesBuildPhase section */
		76A007D326630CDF009ED115 /* Resources */ = {
			isa = PBXResourcesBuildPhase;
			buildActionMask = 2147483647;
			files = (
				529D59E9267C1BF5004E8E68 /* Localizable.strings in Resources */,
				76A007DC26630CE2009ED115 /* Assets.xcassets in Resources */,
				76A007F026632053009ED115 /* P2PreMainController.xib in Resources */,
				52CF6067267E731A0089D6D1 /* P2PreRememberView.xib in Resources */,
				765C7DF5266C580400521A65 /* P2PostMainController.xib in Resources */,
				76A007DF26630CE2009ED115 /* MainMenu.xib in Resources */,
				52CF606C267E76CB0089D6D1 /* P2PreThanksView.xib in Resources */,
			);
			runOnlyForDeploymentPostprocessing = 0;
		};
/* End PBXResourcesBuildPhase section */

/* Begin PBXSourcesBuildPhase section */
		76A007D126630CDF009ED115 /* Sources */ = {
			isa = PBXSourcesBuildPhase;
			buildActionMask = 2147483647;
			files = (
				529D59E5267C1B30004E8E68 /* VIButton.m in Sources */,
				52CF606A267E76250089D6D1 /* P2PreThanksView.m in Sources */,
				765C7DF2266C57DE00521A65 /* P2PostMainController.m in Sources */,
				52CF6066267E731A0089D6D1 /* P2PreRememberView.m in Sources */,
				76A007EB26630EE2009ED115 /* P2App.m in Sources */,
				76A007E226630CE2009ED115 /* main.m in Sources */,
				76A007EE26632007009ED115 /* P2PreMainController.m in Sources */,
				76A007DA26630CDF009ED115 /* AppDelegate.m in Sources */,
			);
			runOnlyForDeploymentPostprocessing = 0;
		};
/* End PBXSourcesBuildPhase section */

/* Begin PBXVariantGroup section */
		529D59EB267C1BF5004E8E68 /* Localizable.strings */ = {
			isa = PBXVariantGroup;
			children = (
				529D59EA267C1BF5004E8E68 /* en */,
			);
			name = Localizable.strings;
			sourceTree = "<group>";
		};
		76A007DD26630CE2009ED115 /* MainMenu.xib */ = {
			isa = PBXVariantGroup;
			children = (
				76A007DE26630CE2009ED115 /* Base */,
			);
			name = MainMenu.xib;
			sourceTree = "<group>";
		};
/* End PBXVariantGroup section */

/* Begin XCBuildConfiguration section */
		76A007E426630CE2009ED115 /* Debug */ = {
			isa = XCBuildConfiguration;
			buildSettings = {
				ALWAYS_SEARCH_USER_PATHS = NO;
				CLANG_ANALYZER_NONNULL = YES;
				CLANG_ANALYZER_NUMBER_OBJECT_CONVERSION = YES_AGGRESSIVE;
				CLANG_CXX_LANGUAGE_STANDARD = "gnu++14";
				CLANG_CXX_LIBRARY = "libc++";
				CLANG_ENABLE_MODULES = YES;
				CLANG_ENABLE_OBJC_ARC = YES;
				CLANG_ENABLE_OBJC_WEAK = YES;
				CLANG_WARN_BLOCK_CAPTURE_AUTORELEASING = YES;
				CLANG_WARN_BOOL_CONVERSION = YES;
				CLANG_WARN_COMMA = YES;
				CLANG_WARN_CONSTANT_CONVERSION = YES;
				CLANG_WARN_DEPRECATED_OBJC_IMPLEMENTATIONS = YES;
				CLANG_WARN_DIRECT_OBJC_ISA_USAGE = YES_ERROR;
				CLANG_WARN_DOCUMENTATION_COMMENTS = YES;
				CLANG_WARN_EMPTY_BODY = YES;
				CLANG_WARN_ENUM_CONVERSION = YES;
				CLANG_WARN_INFINITE_RECURSION = YES;
				CLANG_WARN_INT_CONVERSION = YES;
				CLANG_WARN_NON_LITERAL_NULL_CONVERSION = YES;
				CLANG_WARN_OBJC_IMPLICIT_RETAIN_SELF = YES;
				CLANG_WARN_OBJC_LITERAL_CONVERSION = YES;
				CLANG_WARN_OBJC_ROOT_CLASS = YES_ERROR;
				CLANG_WARN_QUOTED_INCLUDE_IN_FRAMEWORK_HEADER = YES;
				CLANG_WARN_RANGE_LOOP_ANALYSIS = YES;
				CLANG_WARN_STRICT_PROTOTYPES = YES;
				CLANG_WARN_SUSPICIOUS_MOVE = YES;
				CLANG_WARN_UNGUARDED_AVAILABILITY = YES_AGGRESSIVE;
				CLANG_WARN_UNREACHABLE_CODE = YES;
				CLANG_WARN__DUPLICATE_METHOD_MATCH = YES;
				COPY_PHASE_STRIP = NO;
				DEBUG_INFORMATION_FORMAT = dwarf;
				ENABLE_STRICT_OBJC_MSGSEND = YES;
				ENABLE_TESTABILITY = YES;
				GCC_C_LANGUAGE_STANDARD = gnu11;
				GCC_DYNAMIC_NO_PIC = NO;
				GCC_NO_COMMON_BLOCKS = YES;
				GCC_OPTIMIZATION_LEVEL = 0;
				GCC_PREPROCESSOR_DEFINITIONS = (
					"DEBUG=1",
					"$(inherited)",
				);
				GCC_WARN_64_TO_32_BIT_CONVERSION = YES;
				GCC_WARN_ABOUT_RETURN_TYPE = YES_ERROR;
				GCC_WARN_UNDECLARED_SELECTOR = YES;
				GCC_WARN_UNINITIALIZED_AUTOS = YES_AGGRESSIVE;
				GCC_WARN_UNUSED_FUNCTION = YES;
				GCC_WARN_UNUSED_VARIABLE = YES;
				MACOSX_DEPLOYMENT_TARGET = 11.3;
				MTL_ENABLE_DEBUG_INFO = INCLUDE_SOURCE;
				MTL_FAST_MATH = YES;
				ONLY_ACTIVE_ARCH = YES;
				SDKROOT = macosx;
			};
			name = Debug;
		};
		76A007E526630CE2009ED115 /* Release */ = {
			isa = XCBuildConfiguration;
			buildSettings = {
				ALWAYS_SEARCH_USER_PATHS = NO;
				CLANG_ANALYZER_NONNULL = YES;
				CLANG_ANALYZER_NUMBER_OBJECT_CONVERSION = YES_AGGRESSIVE;
				CLANG_CXX_LANGUAGE_STANDARD = "gnu++14";
				CLANG_CXX_LIBRARY = "libc++";
				CLANG_ENABLE_MODULES = YES;
				CLANG_ENABLE_OBJC_ARC = YES;
				CLANG_ENABLE_OBJC_WEAK = YES;
				CLANG_WARN_BLOCK_CAPTURE_AUTORELEASING = YES;
				CLANG_WARN_BOOL_CONVERSION = YES;
				CLANG_WARN_COMMA = YES;
				CLANG_WARN_CONSTANT_CONVERSION = YES;
				CLANG_WARN_DEPRECATED_OBJC_IMPLEMENTATIONS = YES;
				CLANG_WARN_DIRECT_OBJC_ISA_USAGE = YES_ERROR;
				CLANG_WARN_DOCUMENTATION_COMMENTS = YES;
				CLANG_WARN_EMPTY_BODY = YES;
				CLANG_WARN_ENUM_CONVERSION = YES;
				CLANG_WARN_INFINITE_RECURSION = YES;
				CLANG_WARN_INT_CONVERSION = YES;
				CLANG_WARN_NON_LITERAL_NULL_CONVERSION = YES;
				CLANG_WARN_OBJC_IMPLICIT_RETAIN_SELF = YES;
				CLANG_WARN_OBJC_LITERAL_CONVERSION = YES;
				CLANG_WARN_OBJC_ROOT_CLASS = YES_ERROR;
				CLANG_WARN_QUOTED_INCLUDE_IN_FRAMEWORK_HEADER = YES;
				CLANG_WARN_RANGE_LOOP_ANALYSIS = YES;
				CLANG_WARN_STRICT_PROTOTYPES = YES;
				CLANG_WARN_SUSPICIOUS_MOVE = YES;
				CLANG_WARN_UNGUARDED_AVAILABILITY = YES_AGGRESSIVE;
				CLANG_WARN_UNREACHABLE_CODE = YES;
				CLANG_WARN__DUPLICATE_METHOD_MATCH = YES;
				COPY_PHASE_STRIP = NO;
				DEBUG_INFORMATION_FORMAT = "dwarf-with-dsym";
				ENABLE_NS_ASSERTIONS = NO;
				ENABLE_STRICT_OBJC_MSGSEND = YES;
				GCC_C_LANGUAGE_STANDARD = gnu11;
				GCC_NO_COMMON_BLOCKS = YES;
				GCC_WARN_64_TO_32_BIT_CONVERSION = YES;
				GCC_WARN_ABOUT_RETURN_TYPE = YES_ERROR;
				GCC_WARN_UNDECLARED_SELECTOR = YES;
				GCC_WARN_UNINITIALIZED_AUTOS = YES_AGGRESSIVE;
				GCC_WARN_UNUSED_FUNCTION = YES;
				GCC_WARN_UNUSED_VARIABLE = YES;
				MACOSX_DEPLOYMENT_TARGET = 11.3;
				MTL_ENABLE_DEBUG_INFO = NO;
				MTL_FAST_MATH = YES;
				SDKROOT = macosx;
			};
			name = Release;
		};
		76A007E726630CE2009ED115 /* Debug */ = {
			isa = XCBuildConfiguration;
			buildSettings = {
				ASSETCATALOG_COMPILER_APPICON_NAME = AppIcon;
				ASSETCATALOG_COMPILER_GLOBAL_ACCENT_COLOR_NAME = AccentColor;
				CODE_SIGN_ENTITLEMENTS = "Patched 12/Patched_12.entitlements";
				CODE_SIGN_STYLE = Automatic;
				COMBINE_HIDPI_IMAGES = YES;
				CURRENT_PROJECT_VERSION = 1;
				DEVELOPMENT_TEAM = 52RY4VB4F6;
				ENABLE_HARDENED_RUNTIME = YES;
				FRAMEWORK_SEARCH_PATHS = (
					"$(inherited)",
					"$(PROJECT_DIR)/Patched\\ 12/Resources",
				);
				INFOPLIST_FILE = "Patched 12/Info.plist";
				LD_RUNPATH_SEARCH_PATHS = "$(inherited) @executable_path/../Frameworks";
				MACOSX_DEPLOYMENT_TARGET = 10.9;
				MARKETING_VERSION = 0.0.1;
				PRODUCT_BUNDLE_IDENTIFIER = "me.bensova.Patched-12";
				PRODUCT_NAME = "$(TARGET_NAME)";
			};
			name = Debug;
		};
		76A007E826630CE2009ED115 /* Release */ = {
			isa = XCBuildConfiguration;
			buildSettings = {
				ASSETCATALOG_COMPILER_APPICON_NAME = AppIcon;
				ASSETCATALOG_COMPILER_GLOBAL_ACCENT_COLOR_NAME = AccentColor;
				CODE_SIGN_ENTITLEMENTS = "Patched 12/Patched_12.entitlements";
				CODE_SIGN_STYLE = Automatic;
				COMBINE_HIDPI_IMAGES = YES;
				CURRENT_PROJECT_VERSION = 1;
				DEVELOPMENT_TEAM = 52RY4VB4F6;
				ENABLE_HARDENED_RUNTIME = YES;
				FRAMEWORK_SEARCH_PATHS = (
					"$(inherited)",
					"$(PROJECT_DIR)/Patched\\ 12/Resources",
				);
				INFOPLIST_FILE = "Patched 12/Info.plist";
				LD_RUNPATH_SEARCH_PATHS = "$(inherited) @executable_path/../Frameworks";
				MACOSX_DEPLOYMENT_TARGET = 10.9;
				MARKETING_VERSION = 0.0.1;
				PRODUCT_BUNDLE_IDENTIFIER = "me.bensova.Patched-12";
				PRODUCT_NAME = "$(TARGET_NAME)";
			};
			name = Release;
		};
/* End XCBuildConfiguration section */

/* Begin XCConfigurationList section */
		76A007D026630CDF009ED115 /* Build configuration list for PBXProject "Patched Monterey" */ = {
			isa = XCConfigurationList;
			buildConfigurations = (
				76A007E426630CE2009ED115 /* Debug */,
				76A007E526630CE2009ED115 /* Release */,
			);
			defaultConfigurationIsVisible = 0;
			defaultConfigurationName = Release;
		};
		76A007E626630CE2009ED115 /* Build configuration list for PBXNativeTarget "Patched Monterey" */ = {
			isa = XCConfigurationList;
			buildConfigurations = (
				76A007E726630CE2009ED115 /* Debug */,
				76A007E826630CE2009ED115 /* Release */,
			);
			defaultConfigurationIsVisible = 0;
			defaultConfigurationName = Release;
		};
/* End XCConfigurationList section */
	};
	rootObject = 76A007CD26630CDF009ED115 /* Project object */;
}
